
Microsoft Visual Studio Solution File, Format Version 12.00
# Visual Studio Version 17
VisualStudioVersion = 17.7.34024.191
MinimumVisualStudioVersion = 10.0.40219.1
Project("{FAE04EC0-301F-11D3-BF4B-00C04F79EFBC}") = "DelegatingHandlerExamples.API", "DelegatingHandlerExamples.API\DelegatingHandlerExamples.API.csproj", "{8895C096-84A2-45ED-B41B-C8EEC4B2812D}"
EndProject
Project("{FAE04EC0-301F-11D3-BF4B-00C04F79EFBC}") = "DelegatingHandlerExamples.Web", "DelegatingHandlerExamples.Web\DelegatingHandlerExamples.Web.csproj", "{98AF42D7-D929-414D-9AE6-60B5F8F7244B}"
EndProject
Project("{FAE04EC0-301F-11D3-BF4B-00C04F79EFBC}") = "DelegatingHandlerExamples.Shared", "DelegatingHandlerExamples.Shared\DelegatingHandlerExamples.Shared.csproj", "{407753AF-5CB7-4103-9BA9-5DECD69D022F}"
EndProject
Global
	GlobalSection(SolutionConfigurationPlatforms) = preSolution
		Debug|Any CPU = Debug|Any CPU
		Release|Any CPU = Release|Any CPU
	EndGlobalSection
	GlobalSection(ProjectConfigurationPlatforms) = postSolution
		{8895C096-84A2-45ED-B41B-C8EEC4B2812D}.Debug|Any CPU.ActiveCfg = Debug|Any CPU
		{8895C096-84A2-45ED-B41B-C8EEC4B2812D}.Debug|Any CPU.Build.0 = Debug|Any CPU
		{8895C096-84A2-45ED-B41B-C8EEC4B2812D}.Release|Any CPU.ActiveCfg = Release|Any CPU
		{8895C096-84A2-45ED-B41B-C8EEC4B2812D}.Release|Any CPU.Build.0 = Release|Any CPU
		{98AF42D7-D929-414D-9AE6-60B5F8F7244B}.Debug|Any CPU.ActiveCfg = Debug|Any CPU
		{98AF42D7-D929-414D-9AE6-60B5F8F7244B}.Debug|Any CPU.Build.0 = Debug|Any CPU
		{98AF42D7-D929-414D-9AE6-60B5F8F7244B}.Release|Any CPU.ActiveCfg = Release|Any CPU
		{98AF42D7-D929-414D-9AE6-60B5F8F7244B}.Release|Any CPU.Build.0 = Release|Any CPU
		{407753AF-5CB7-4103-9BA9-5DECD69D022F}.Debug|Any CPU.ActiveCfg = Debug|Any CPU
		{407753AF-5CB7-4103-9BA9-5DECD69D022F}.Debug|Any CPU.Build.0 = Debug|Any CPU
		{407753AF-5CB7-4103-9BA9-5DECD69D022F}.Release|Any CPU.ActiveCfg = Release|Any CPU
		{407753AF-5CB7-4103-9BA9-5DECD69D022F}.Release|Any CPU.Build.0 = Release|Any CPU
	EndGlobalSection
	GlobalSection(SolutionProperties) = preSolution
		HideSolutionNode = FALSE
	EndGlobalSection
	GlobalSection(ExtensibilityGlobals) = postSolution
		SolutionGuid = {5C042A88-35C3-4CF8-B882-E2CDB0450CC2}
	EndGlobalSection
EndGlobal
